[[package]]
category = "dev"
description = "A small Python module for determining appropriate platform-specific dirs, e.g. a \"user data dir\"."
name = "appdirs"
optional = false
python-versions = "*"
version = "1.4.3"

[[package]]
category = "dev"
description = "Classes Without Boilerplate"
name = "attrs"
optional = false
python-versions = ">=2.7, !=3.0.*, !=3.1.*, !=3.2.*, !=3.3.*"
version = "19.1.0"

[package.extras]
dev = ["coverage", "hypothesis", "pympler", "pytest", "six", "zope.interface", "sphinx", "pre-commit"]
docs = ["sphinx", "zope.interface"]
tests = ["coverage", "hypothesis", "pympler", "pytest", "six", "zope.interface"]

[[package]]
category = "dev"
description = "The uncompromising code formatter."
name = "black"
optional = false
python-versions = ">=3.6"
version = "19.10b0"

[package.dependencies]
appdirs = "*"
attrs = ">=18.1.0"
click = ">=6.5"
pathspec = ">=0.6,<1"
regex = "*"
toml = ">=0.9.4"
typed-ast = ">=1.4.0"

[package.extras]
d = ["aiohttp (>=3.3.2)", "aiohttp-cors"]

[[package]]
category = "main"
description = "Foreign Function Interface for Python calling C code."
marker = "sys_platform == \"win32\" and platform_python_implementation == \"CPython\""
name = "cffi"
optional = false
python-versions = "*"
version = "1.12.3"

[package.dependencies]
pycparser = "*"

[[package]]
category = "dev"
description = "Composable command line interface toolkit"
name = "click"
optional = false
python-versions = ">=2.7, !=3.0.*, !=3.1.*, !=3.2.*, !=3.3.*"
version = "7.0"

[[package]]
category = "dev"
description = "Code coverage measurement for Python"
name = "coverage"
optional = false
python-versions = ">=2.7, !=3.0.*, !=3.1.*, !=3.2.*, !=3.3.*, !=3.4.*, <4"
version = "5.0.3"

[package.extras]
toml = ["toml"]

[[package]]
category = "main"
description = "A high-level Python Web framework that encourages rapid development and clean, pragmatic design."
name = "django"
optional = false
python-versions = ">=3.5"
version = "2.1.15"

[package.dependencies]
pytz = "*"

[package.extras]
argon2 = ["argon2-cffi (>=16.1.0)"]
bcrypt = ["bcrypt"]

[[package]]
category = "main"
description = "Use classes to define settings."
name = "django-classbasedsettings"
optional = false
python-versions = "*"
version = "1.5.0"

[package.dependencies]
Django = ">=1.8"
future = ">=0.15"

[[package]]
category = "main"
description = "Allows Django models to be ordered and provides a simple admin interface for reordering them."
name = "django-ordered-model"
optional = false
python-versions = "*"
version = "3.3.0"

[[package]]
category = "dev"
description = "Test utilities for Django projects."
name = "django-pigeon"
optional = false
python-versions = "*"
version = "0.3.0"

[package.dependencies]
Django = ">=1.8"
six = "*"

[[package]]
category = "main"
description = "Clean single-source support for Python 3 and 2"
name = "future"
optional = false
python-versions = ">=2.6, !=3.0.*, !=3.1.*, !=3.2.*"
version = "0.17.1"

[[package]]
category = "main"
description = "Coroutine-based network library"
name = "gevent"
optional = false
python-versions = ">=2.7,!=3.0.*,!=3.1.*,!=3.2.*,!=3.3.*"
version = "1.4.0"

[package.dependencies]
cffi = ">=1.11.5"
greenlet = ">=0.4.14"

[package.extras]
dnspython = ["dnspython", "idna"]
doc = ["repoze.sphinx.autointerface"]
events = ["zope.event", "zope.interface"]
test = ["zope.interface", "zope.event", "requests", "objgraph", "psutil", "futures", "mock", "coverage (>=5.0a3)", "coveralls (>=1.0)"]

[[package]]
category = "main"
description = "SocketIO server based on the Gevent pywsgi server, a Python network library"
name = "gevent-socketio"
optional = false
python-versions = "*"
version = "0.3.6"

[package.dependencies]
gevent = ">=1.1rc5"
gevent-websocket = "*"
six = "*"

[package.source]
reference = "1cdb1594a315326987a17ce0924ea448a82fab01"
type = "git"
url = "https://github.com/abourget/gevent-socketio.git"

[[package]]
category = "main"
description = "Websocket handler for the gevent pywsgi server, a Python network library"
name = "gevent-websocket"
optional = false
python-versions = "*"
version = "0.10.1"

[package.dependencies]
gevent = "*"

[[package]]
category = "main"
description = "Lightweight in-process concurrent programming"
marker = "platform_python_implementation == \"CPython\""
name = "greenlet"
optional = false
python-versions = "*"
version = "0.4.15"

[[package]]
category = "main"
description = "WSGI HTTP Server for UNIX"
name = "gunicorn"
optional = false
python-versions = ">=3.4"
version = "20.0.4"

[package.dependencies]
setuptools = ">=3.0"

[package.extras]
eventlet = ["eventlet (>=0.9.7)"]
gevent = ["gevent (>=0.13)"]
setproctitle = ["setproctitle"]
tornado = ["tornado (>=0.2)"]

[[package]]
category = "dev"
description = "Utility library for gitignore style pattern matching of file paths."
name = "pathspec"
optional = false
python-versions = ">=2.7, !=3.0.*, !=3.1.*, !=3.2.*, !=3.3.*"
version = "0.6.0"

[[package]]
category = "main"
description = "Python Imaging Library (Fork)"
name = "pillow"
optional = false
python-versions = ">=3.5"
version = "7.0.0"

[[package]]
category = "main"
description = "psycopg2 integration with coroutine libraries"
name = "psycogreen"
optional = false
python-versions = "*"
version = "1.0.1"

[[package]]
category = "main"
description = "psycopg2 - Python-PostgreSQL Database Adapter"
name = "psycopg2"
optional = false
python-versions = ">=2.7,!=3.0.*,!=3.1.*,!=3.2.*,!=3.3.*"
version = "2.8.4"

[[package]]
category = "main"
description = "C parser in Python"
marker = "sys_platform == \"win32\" and platform_python_implementation == \"CPython\""
name = "pycparser"
optional = false
python-versions = ">=2.7, !=3.0.*, !=3.1.*, !=3.2.*, !=3.3.*"
version = "2.19"

[[package]]
category = "main"
description = "Add .env support to your django/flask apps in development and deployments"
name = "python-dotenv"
optional = false
python-versions = "*"
version = "0.10.5"

[package.extras]
cli = ["click (>=5.0)"]

[[package]]
category = "main"
description = "World timezone definitions, modern and historical"
name = "pytz"
optional = false
python-versions = "*"
version = "2019.2"

[[package]]
category = "dev"
description = "A tool to automatically upgrade syntax for newer versions."
name = "pyupgrade"
optional = false
python-versions = "!=3.0.*,!=3.1.*,!=3.2.*,!=3.3.*,!=3.4.*,>=2.7"
version = "1.26.2"

[package.dependencies]
tokenize-rt = ">=3.2.0"

[[package]]
category = "dev"
description = "Alternative regular expression module, to replace re."
name = "regex"
optional = false
python-versions = "*"
version = "2019.11.1"

[[package]]
category = "main"
description = "Python 2 and 3 compatibility utilities"
name = "six"
optional = false
python-versions = ">=2.6, !=3.0.*, !=3.1.*"
version = "1.12.0"

[[package]]
category = "dev"
description = "A wrapper around the stdlib `tokenize` which roundtrips."
name = "tokenize-rt"
optional = false
python-versions = ">=2.7, !=3.0.*, !=3.1.*, !=3.2.*, !=3.3.*, !=3.4.*"
version = "3.2.0"

[[package]]
category = "dev"
description = "Python Library for Tom's Obvious, Minimal Language"
name = "toml"
optional = false
python-versions = "*"
version = "0.10.0"

[[package]]
category = "dev"
description = "a fork of Python 2 and 3 ast modules with type comment support"
name = "typed-ast"
optional = false
python-versions = "*"
version = "1.4.0"

[metadata]
content-hash = "acd48fe411420eeb12ccfe0e13e309e37c8725fee77df4dac531dd8e6cd79d0c"
python-versions = "^3.6"

[metadata.files]
appdirs = [
    {file = "appdirs-1.4.3-py2.py3-none-any.whl", hash = "sha256:d8b24664561d0d34ddfaec54636d502d7cea6e29c3eaf68f3df6180863e2166e"},
    {file = "appdirs-1.4.3.tar.gz", hash = "sha256:9e5896d1372858f8dd3344faf4e5014d21849c756c8d5701f78f8a103b372d92"},
]
attrs = [
    {file = "attrs-19.1.0-py2.py3-none-any.whl", hash = "sha256:69c0dbf2ed392de1cb5ec704444b08a5ef81680a61cb899dc08127123af36a79"},
    {file = "attrs-19.1.0.tar.gz", hash = "sha256:f0b870f674851ecbfbbbd364d6b5cbdff9dcedbc7f3f5e18a6891057f21fe399"},
]
black = [
    {file = "black-19.10b0-py36-none-any.whl", hash = "sha256:1b30e59be925fafc1ee4565e5e08abef6b03fe455102883820fe5ee2e4734e0b"},
    {file = "black-19.10b0.tar.gz", hash = "sha256:c2edb73a08e9e0e6f65a0e6af18b059b8b1cdd5bef997d7a0b181df93dc81539"},
]
cffi = [
    {file = "cffi-1.12.3-cp27-cp27m-macosx_10_6_intel.whl", hash = "sha256:5662ad4e4e84f1eaa8efce5da695c5d2e229c563f9d5ce5b0113f71321bcf753"},
    {file = "cffi-1.12.3-cp27-cp27m-manylinux1_i686.whl", hash = "sha256:a8dccd61d52a8dae4a825cdbb7735da530179fea472903eb871a5513b5abbfdc"},
    {file = "cffi-1.12.3-cp27-cp27m-manylinux1_x86_64.whl", hash = "sha256:4aa8ee7ba27c472d429b980c51e714a24f47ca296d53f4d7868075b175866f4b"},
    {file = "cffi-1.12.3-cp27-cp27m-win32.whl", hash = "sha256:34c77afe85b6b9e967bd8154e3855e847b70ca42043db6ad17f26899a3df1b25"},
    {file = "cffi-1.12.3-cp27-cp27m-win_amd64.whl", hash = "sha256:a5457d47dfff24882a21492e5815f891c0ca35fefae8aa742c6c263dac16ef1f"},
    {file = "cffi-1.12.3-cp27-cp27mu-manylinux1_i686.whl", hash = "sha256:46de5fa00f7ac09f020729148ff632819649b3e05a007d286242c4882f7b1dc3"},
    {file = "cffi-1.12.3-cp27-cp27mu-manylinux1_x86_64.whl", hash = "sha256:2444d0c61f03dcd26dbf7600cf64354376ee579acad77aef459e34efcb438c63"},
    {file = "cffi-1.12.3-cp34-cp34m-macosx_10_6_intel.whl", hash = "sha256:a2e85dc204556657661051ff4bab75a84e968669765c8a2cd425918699c3d0e8"},
    {file = "cffi-1.12.3-cp34-cp34m-manylinux1_i686.whl", hash = "sha256:55cad9a6df1e2a1d62063f79d0881a414a906a6962bc160ac968cc03ed3efcfb"},
    {file = "cffi-1.12.3-cp34-cp34m-manylinux1_x86_64.whl", hash = "sha256:d2c5cfa536227f57f97c92ac30c8109688ace8fa4ac086d19d0af47d134e2909"},
    {file = "cffi-1.12.3-cp34-cp34m-win32.whl", hash = "sha256:ed851c75d1e0e043cbf5ca9a8e1b13c4c90f3fbd863dacb01c0808e2b5204201"},
    {file = "cffi-1.12.3-cp34-cp34m-win_amd64.whl", hash = "sha256:d42b5796e20aacc9d15e66befb7a345454eef794fdb0737d1af593447c6c8f45"},
    {file = "cffi-1.12.3-cp35-cp35m-macosx_10_6_intel.whl", hash = "sha256:046ef9a22f5d3eed06334d01b1e836977eeef500d9b78e9ef693f9380ad0b83d"},
    {file = "cffi-1.12.3-cp35-cp35m-manylinux1_i686.whl", hash = "sha256:e1ff2748c84d97b065cc95429814cdba39bcbd77c9c85c89344b317dc0d9cbff"},
    {file = "cffi-1.12.3-cp35-cp35m-manylinux1_x86_64.whl", hash = "sha256:4d0004eb4351e35ed950c14c11e734182591465a33e960a4ab5e8d4f04d72647"},
    {file = "cffi-1.12.3-cp35-cp35m-win32.whl", hash = "sha256:4e3d3f31a1e202b0f5a35ba3bc4eb41e2fc2b11c1eff38b362de710bcffb5016"},
    {file = "cffi-1.12.3-cp35-cp35m-win_amd64.whl", hash = "sha256:066bc4c7895c91812eff46f4b1c285220947d4aa46fa0a2651ff85f2afae9c90"},
    {file = "cffi-1.12.3-cp36-cp36m-macosx_10_6_intel.whl", hash = "sha256:73e1ffefe05e4ccd7bcea61af76f36077b914f92b76f95ccf00b0c1b9186f3f9"},
    {file = "cffi-1.12.3-cp36-cp36m-manylinux1_i686.whl", hash = "sha256:b012a5edb48288f77a63dba0840c92d0504aa215612da4541b7b42d849bc83a3"},
    {file = "cffi-1.12.3-cp36-cp36m-manylinux1_x86_64.whl", hash = "sha256:59b4dc008f98fc6ee2bb4fd7fc786a8d70000d058c2bbe2698275bc53a8d3fa7"},
    {file = "cffi-1.12.3-cp36-cp36m-win32.whl", hash = "sha256:300832850b8f7967e278870c5d51e3819b9aad8f0a2c8dbe39ab11f119237f45"},
    {file = "cffi-1.12.3-cp36-cp36m-win_amd64.whl", hash = "sha256:066c7ff148ae33040c01058662d6752fd73fbc8e64787229ea8498c7d7f4041b"},
    {file = "cffi-1.12.3-cp37-cp37m-macosx_10_9_x86_64.whl", hash = "sha256:a1f0fd46eba2d71ce1589f7e50a9e2ffaeb739fb2c11e8192aa2b45d5f6cc41f"},
    {file = "cffi-1.12.3-cp37-cp37m-manylinux1_i686.whl", hash = "sha256:50bec6d35e6b1aaeb17f7c4e2b9374ebf95a8975d57863546fa83e8d31bdb8c4"},
    {file = "cffi-1.12.3-cp37-cp37m-manylinux1_x86_64.whl", hash = "sha256:ae61af521ed676cf16ae94f30fe202781a38d7178b6b4ab622e4eec8cefaff42"},
    {file = "cffi-1.12.3-cp37-cp37m-win32.whl", hash = "sha256:dee54f5d30d775f525894d67b1495625dd9322945e7fee00731952e0368ff42d"},
    {file = "cffi-1.12.3-cp37-cp37m-win_amd64.whl", hash = "sha256:e070535507bd6aa07124258171be2ee8dfc19119c28ca94c9dfb7efd23564512"},
    {file = "cffi-1.12.3.tar.gz", hash = "sha256:041c81822e9f84b1d9c401182e174996f0bae9991f33725d059b771744290774"},
]
click = [
    {file = "Click-7.0-py2.py3-none-any.whl", hash = "sha256:2335065e6395b9e67ca716de5f7526736bfa6ceead690adf616d925bdc622b13"},
    {file = "Click-7.0.tar.gz", hash = "sha256:5b94b49521f6456670fdb30cd82a4eca9412788a93fa6dd6df72c94d5a8ff2d7"},
]
coverage = [
    {file = "coverage-5.0.3-cp27-cp27m-macosx_10_12_x86_64.whl", hash = "sha256:cc1109f54a14d940b8512ee9f1c3975c181bbb200306c6d8b87d93376538782f"},
    {file = "coverage-5.0.3-cp27-cp27m-macosx_10_13_intel.whl", hash = "sha256:be18f4ae5a9e46edae3f329de2191747966a34a3d93046dbdf897319923923bc"},
    {file = "coverage-5.0.3-cp27-cp27m-manylinux1_i686.whl", hash = "sha256:3230d1003eec018ad4a472d254991e34241e0bbd513e97a29727c7c2f637bd2a"},
    {file = "coverage-5.0.3-cp27-cp27m-manylinux1_x86_64.whl", hash = "sha256:e69215621707119c6baf99bda014a45b999d37602cb7043d943c76a59b05bf52"},
    {file = "coverage-5.0.3-cp27-cp27m-win32.whl", hash = "sha256:1daa3eceed220f9fdb80d5ff950dd95112cd27f70d004c7918ca6dfc6c47054c"},
    {file = "coverage-5.0.3-cp27-cp27m-win_amd64.whl", hash = "sha256:51bc7710b13a2ae0c726f69756cf7ffd4362f4ac36546e243136187cfcc8aa73"},
    {file = "coverage-5.0.3-cp27-cp27mu-manylinux1_i686.whl", hash = "sha256:9bea19ac2f08672636350f203db89382121c9c2ade85d945953ef3c8cf9d2a68"},
    {file = "coverage-5.0.3-cp27-cp27mu-manylinux1_x86_64.whl", hash = "sha256:5012d3b8d5a500834783689a5d2292fe06ec75dc86ee1ccdad04b6f5bf231691"},
    {file = "coverage-5.0.3-cp35-cp35m-macosx_10_12_x86_64.whl", hash = "sha256:d513cc3db248e566e07a0da99c230aca3556d9b09ed02f420664e2da97eac301"},
    {file = "coverage-5.0.3-cp35-cp35m-manylinux1_i686.whl", hash = "sha256:3dbb72eaeea5763676a1a1efd9b427a048c97c39ed92e13336e726117d0b72bf"},
    {file = "coverage-5.0.3-cp35-cp35m-manylinux1_x86_64.whl", hash = "sha256:15cf13a6896048d6d947bf7d222f36e4809ab926894beb748fc9caa14605d9c3"},
    {file = "coverage-5.0.3-cp35-cp35m-win32.whl", hash = "sha256:fca1669d464f0c9831fd10be2eef6b86f5ebd76c724d1e0706ebdff86bb4adf0"},
    {file = "coverage-5.0.3-cp35-cp35m-win_amd64.whl", hash = "sha256:1e44a022500d944d42f94df76727ba3fc0a5c0b672c358b61067abb88caee7a0"},
    {file = "coverage-5.0.3-cp36-cp36m-macosx_10_13_x86_64.whl", hash = "sha256:b26aaf69713e5674efbde4d728fb7124e429c9466aeaf5f4a7e9e699b12c9fe2"},
    {file = "coverage-5.0.3-cp36-cp36m-manylinux1_i686.whl", hash = "sha256:722e4557c8039aad9592c6a4213db75da08c2cd9945320220634f637251c3894"},
    {file = "coverage-5.0.3-cp36-cp36m-manylinux1_x86_64.whl", hash = "sha256:7afad9835e7a651d3551eab18cbc0fdb888f0a6136169fbef0662d9cdc9987cf"},
    {file = "coverage-5.0.3-cp36-cp36m-win32.whl", hash = "sha256:25dbf1110d70bab68a74b4b9d74f30e99b177cde3388e07cc7272f2168bd1477"},
    {file = "coverage-5.0.3-cp36-cp36m-win_amd64.whl", hash = "sha256:c312e57847db2526bc92b9bfa78266bfbaabac3fdcd751df4d062cd4c23e46dc"},
    {file = "coverage-5.0.3-cp37-cp37m-macosx_10_13_x86_64.whl", hash = "sha256:a8b8ac7876bc3598e43e2603f772d2353d9931709345ad6c1149009fd1bc81b8"},
    {file = "coverage-5.0.3-cp37-cp37m-manylinux1_i686.whl", hash = "sha256:527b4f316e6bf7755082a783726da20671a0cc388b786a64417780b90565b987"},
    {file = "coverage-5.0.3-cp37-cp37m-manylinux1_x86_64.whl", hash = "sha256:d649dc0bcace6fcdb446ae02b98798a856593b19b637c1b9af8edadf2b150bea"},
    {file = "coverage-5.0.3-cp37-cp37m-win32.whl", hash = "sha256:cd60f507c125ac0ad83f05803063bed27e50fa903b9c2cfee3f8a6867ca600fc"},
    {file = "coverage-5.0.3-cp37-cp37m-win_amd64.whl", hash = "sha256:c60097190fe9dc2b329a0eb03393e2e0829156a589bd732e70794c0dd804258e"},
    {file = "coverage-5.0.3-cp38-cp38-macosx_10_13_x86_64.whl", hash = "sha256:d7008a6796095a79544f4da1ee49418901961c97ca9e9d44904205ff7d6aa8cb"},
    {file = "coverage-5.0.3-cp38-cp38-manylinux1_i686.whl", hash = "sha256:ea9525e0fef2de9208250d6c5aeeee0138921057cd67fcef90fbed49c4d62d37"},
    {file = "coverage-5.0.3-cp38-cp38-manylinux1_x86_64.whl", hash = "sha256:c62a2143e1313944bf4a5ab34fd3b4be15367a02e9478b0ce800cb510e3bbb9d"},
    {file = "coverage-5.0.3-cp38-cp38m-win32.whl", hash = "sha256:b0840b45187699affd4c6588286d429cd79a99d509fe3de0f209594669bb0954"},
    {file = "coverage-5.0.3-cp38-cp38m-win_amd64.whl", hash = "sha256:76e2057e8ffba5472fd28a3a010431fd9e928885ff480cb278877c6e9943cc2e"},
    {file = "coverage-5.0.3-cp39-cp39m-win32.whl", hash = "sha256:b63dd43f455ba878e5e9f80ba4f748c0a2156dde6e0e6e690310e24d6e8caf40"},
    {file = "coverage-5.0.3-cp39-cp39m-win_amd64.whl", hash = "sha256:da93027835164b8223e8e5af2cf902a4c80ed93cb0909417234f4a9df3bcd9af"},
    {file = "coverage-5.0.3.tar.gz", hash = "sha256:77afca04240c40450c331fa796b3eab6f1e15c5ecf8bf2b8bee9706cd5452fef"},
]
django = [
    {file = "Django-2.1.15-py3-none-any.whl", hash = "sha256:48522428f4a285cf265af969f4744c5ebb027c7f41958ba48b639ace2068ffe7"},
    {file = "Django-2.1.15.tar.gz", hash = "sha256:a794f7a2f4b7c928eecfbc4ebad03712ff27fb545abe269bf01aa8500781eb1c"},
]
django-classbasedsettings = [
    {file = "django-classbasedsettings-1.5.0.tar.gz", hash = "sha256:c85708a85614c671e81d75e8781691c0e69a173ea6d25e54b366d6004dd8c5ee"},
]
django-ordered-model = [
    {file = "django-ordered-model-3.3.0.tar.gz", hash = "sha256:abf0d963f7e607a994baf6bc300e50af647b3d243c3e592c6cc8f8b924b6d427"},
    {file = "django_ordered_model-3.3.0-py3-none-any.whl", hash = "sha256:0931f498008f91a00a32c4e0ae08a662ef608a1092bf6e6ec9af9b1a83f08acf"},
]
django-pigeon = [
    {file = "django-pigeon-0.3.0.tar.gz", hash = "sha256:ae7433109d944a2236223b4f61baf8e19043fea35c0a949e1edd1fb79cc94b18"},
]
future = [
    {file = "future-0.17.1.tar.gz", hash = "sha256:67045236dcfd6816dc439556d009594abf643e5eb48992e36beac09c2ca659b8"},
]
gevent = [
    {file = "gevent-1.4.0-cp27-cp27m-macosx_10_9_x86_64.whl", hash = "sha256:1b7d3a285978b27b469c0ff5fb5a72bcd69f4306dbbf22d7997d83209a8ba917"},
    {file = "gevent-1.4.0-cp27-cp27m-manylinux1_x86_64.whl", hash = "sha256:44089ed06a962a3a70e96353c981d628b2d4a2f2a75ea5d90f916a62d22af2e8"},
    {file = "gevent-1.4.0-cp27-cp27m-win32.whl", hash = "sha256:0e1e5b73a445fe82d40907322e1e0eec6a6745ca3cea19291c6f9f50117bb7ea"},
    {file = "gevent-1.4.0-cp27-cp27m-win_amd64.whl", hash = "sha256:74b7528f901f39c39cdbb50cdf08f1a2351725d9aebaef212a29abfbb06895ee"},
    {file = "gevent-1.4.0-cp27-cp27mu-manylinux1_x86_64.whl", hash = "sha256:0ff2b70e8e338cf13bedf146b8c29d475e2a544b5d1fe14045aee827c073842c"},
    {file = "gevent-1.4.0-cp34-cp34m-macosx_10_14_x86_64.whl", hash = "sha256:0774babec518a24d9a7231d4e689931f31b332c4517a771e532002614e270a64"},
    {file = "gevent-1.4.0-cp34-cp34m-manylinux1_x86_64.whl", hash = "sha256:d752bcf1b98174780e2317ada12013d612f05116456133a6acf3e17d43b71f05"},
    {file = "gevent-1.4.0-cp34-cp34m-win32.whl", hash = "sha256:3249011d13d0c63bea72d91cec23a9cf18c25f91d1f115121e5c9113d753fa12"},
    {file = "gevent-1.4.0-cp34-cp34m-win_amd64.whl", hash = "sha256:d1e6d1f156e999edab069d79d890859806b555ce4e4da5b6418616322f0a3df1"},
    {file = "gevent-1.4.0-cp35-cp35m-manylinux1_x86_64.whl", hash = "sha256:7d0809e2991c9784eceeadef01c27ee6a33ca09ebba6154317a257353e3af922"},
    {file = "gevent-1.4.0-cp35-cp35m-win32.whl", hash = "sha256:14b4d06d19d39a440e72253f77067d27209c67e7611e352f79fe69e0f618f76e"},
    {file = "gevent-1.4.0-cp35-cp35m-win_amd64.whl", hash = "sha256:53b72385857e04e7faca13c613c07cab411480822ac658d97fd8a4ddbaf715c8"},
    {file = "gevent-1.4.0-cp36-cp36m-macosx_10_6_intel.whl", hash = "sha256:8d9ec51cc06580f8c21b41fd3f2b3465197ba5b23c00eb7d422b7ae0380510b0"},
    {file = "gevent-1.4.0-cp36-cp36m-manylinux1_x86_64.whl", hash = "sha256:2711e69788ddb34c059a30186e05c55a6b611cb9e34ac343e69cf3264d42fe1c"},
    {file = "gevent-1.4.0-cp36-cp36m-win32.whl", hash = "sha256:e5bcc4270671936349249d26140c267397b7b4b1381f5ec8b13c53c5b53ab6e1"},
    {file = "gevent-1.4.0-cp36-cp36m-win_amd64.whl", hash = "sha256:9f7a1e96fec45f70ad364e46de32ccacab4d80de238bd3c2edd036867ccd48ad"},
    {file = "gevent-1.4.0-cp37-cp37m-macosx_10_9_x86_64.whl", hash = "sha256:50024a1ee2cf04645535c5ebaeaa0a60c5ef32e262da981f4be0546b26791950"},
    {file = "gevent-1.4.0-cp37-cp37m-manylinux1_x86_64.whl", hash = "sha256:4bfa291e3c931ff3c99a349d8857605dca029de61d74c6bb82bd46373959c942"},
    {file = "gevent-1.4.0-cp37-cp37m-win32.whl", hash = "sha256:ab4dc33ef0e26dc627559786a4fba0c2227f125db85d970abbf85b77506b3f51"},
    {file = "gevent-1.4.0-cp37-cp37m-win_amd64.whl", hash = "sha256:896b2b80931d6b13b5d9feba3d4eebc67d5e6ec54f0cf3339d08487d55d93b0e"},
    {file = "gevent-1.4.0-pp260-pypy_41-macosx_10_14_x86_64.whl", hash = "sha256:107f4232db2172f7e8429ed7779c10f2ed16616d75ffbe77e0e0c3fcdeb51a51"},
    {file = "gevent-1.4.0-pp260-pypy_41-win32.whl", hash = "sha256:28a0c5417b464562ab9842dd1fb0cc1524e60494641d973206ec24d6ec5f6909"},
    {file = "gevent-1.4.0.tar.gz", hash = "sha256:1eb7fa3b9bd9174dfe9c3b59b7a09b768ecd496debfc4976a9530a3e15c990d1"},
]
gevent-socketio = []
gevent-websocket = [
    {file = "gevent-websocket-0.10.1.tar.gz", hash = "sha256:7eaef32968290c9121f7c35b973e2cc302ffb076d018c9068d2f5ca8b2d85fb0"},
    {file = "gevent_websocket-0.10.1-py3-none-any.whl", hash = "sha256:17b67d91282f8f4c973eba0551183fc84f56f1c90c8f6b6b30256f31f66f5242"},
]
greenlet = [
    {file = "greenlet-0.4.15-cp27-cp27m-manylinux1_x86_64.whl", hash = "sha256:99a26afdb82ea83a265137a398f570402aa1f2b5dfb4ac3300c026931817b163"},
    {file = "greenlet-0.4.15-cp27-cp27m-win32.whl", hash = "sha256:beeabe25c3b704f7d56b573f7d2ff88fc99f0138e43480cecdfcaa3b87fe4f87"},
    {file = "greenlet-0.4.15-cp27-cp27m-win_amd64.whl", hash = "sha256:9854f612e1b59ec66804931df5add3b2d5ef0067748ea29dc60f0efdcda9a638"},
    {file = "greenlet-0.4.15-cp27-cp27mu-manylinux1_x86_64.whl", hash = "sha256:ac57fcdcfb0b73bb3203b58a14501abb7e5ff9ea5e2edfa06bb03035f0cff248"},
    {file = "greenlet-0.4.15-cp33-cp33m-win32.whl", hash = "sha256:d634a7ea1fc3380ff96f9e44d8d22f38418c1c381d5fac680b272d7d90883720"},
    {file = "greenlet-0.4.15-cp33-cp33m-win_amd64.whl", hash = "sha256:0d48200bc50cbf498716712129eef819b1729339e34c3ae71656964dac907c28"},
    {file = "greenlet-0.4.15-cp34-cp34m-manylinux1_x86_64.whl", hash = "sha256:bcb530089ff24f6458a81ac3fa699e8c00194208a724b644ecc68422e1111939"},
    {file = "greenlet-0.4.15-cp34-cp34m-win32.whl", hash = "sha256:8b4572c334593d449113f9dc8d19b93b7b271bdbe90ba7509eb178923327b625"},
    {file = "greenlet-0.4.15-cp34-cp34m-win_amd64.whl", hash = "sha256:a9f145660588187ff835c55a7d2ddf6abfc570c2651c276d3d4be8a2766db490"},
    {file = "greenlet-0.4.15-cp35-cp35m-manylinux1_x86_64.whl", hash = "sha256:51503524dd6f152ab4ad1fbd168fc6c30b5795e8c70be4410a64940b3abb55c0"},
    {file = "greenlet-0.4.15-cp35-cp35m-win32.whl", hash = "sha256:a19bf883b3384957e4a4a13e6bd1ae3d85ae87f4beb5957e35b0be287f12f4e4"},
    {file = "greenlet-0.4.15-cp35-cp35m-win_amd64.whl", hash = "sha256:853da4f9563d982e4121fed8c92eea1a4594a2299037b3034c3c898cb8e933d6"},
    {file = "greenlet-0.4.15-cp36-cp36m-manylinux1_x86_64.whl", hash = "sha256:23d12eacffa9d0f290c0fe0c4e81ba6d5f3a5b7ac3c30a5eaf0126bf4deda5c8"},
    {file = "greenlet-0.4.15-cp36-cp36m-win32.whl", hash = "sha256:000546ad01e6389e98626c1367be58efa613fa82a1be98b0c6fc24b563acc6d0"},
    {file = "greenlet-0.4.15-cp36-cp36m-win_amd64.whl", hash = "sha256:d97b0661e1aead761f0ded3b769044bb00ed5d33e1ec865e891a8b128bf7c656"},
    {file = "greenlet-0.4.15-cp37-cp37m-manylinux1_x86_64.whl", hash = "sha256:8041e2de00e745c0e05a502d6e6db310db7faa7c979b3a5877123548a4c0b214"},
    {file = "greenlet-0.4.15-cp37-cp37m-win32.whl", hash = "sha256:81fcd96a275209ef117e9ec91f75c731fa18dcfd9ffaa1c0adbdaa3616a86043"},
    {file = "greenlet-0.4.15-cp37-cp37m-win_amd64.whl", hash = "sha256:37c9ba82bd82eb6a23c2e5acc03055c0e45697253b2393c9a50cef76a3985304"},
    {file = "greenlet-0.4.15-cp38-cp38-manylinux1_x86_64.whl", hash = "sha256:e538b8dae561080b542b0f5af64d47ef859f22517f7eca617bb314e0e03fd7ef"},
    {file = "greenlet-0.4.15-cp38-cp38-win32.whl", hash = "sha256:51155342eb4d6058a0ffcd98a798fe6ba21195517da97e15fca3db12ab201e6e"},
    {file = "greenlet-0.4.15-cp38-cp38-win_amd64.whl", hash = "sha256:7457d685158522df483196b16ec648b28f8e847861adb01a55d41134e7734122"},
    {file = "greenlet-0.4.15.tar.gz", hash = "sha256:9416443e219356e3c31f1f918a91badf2e37acf297e2fa13d24d1cc2380f8fbc"},
]
gunicorn = [
    {file = "gunicorn-20.0.4-py2.py3-none-any.whl", hash = "sha256:cd4a810dd51bf497552cf3f863b575dabd73d6ad6a91075b65936b151cbf4f9c"},
    {file = "gunicorn-20.0.4.tar.gz", hash = "sha256:1904bb2b8a43658807108d59c3f3d56c2b6121a701161de0ddf9ad140073c626"},
]
pathspec = [
    {file = "pathspec-0.6.0.tar.gz", hash = "sha256:e285ccc8b0785beadd4c18e5708b12bb8fcf529a1e61215b3feff1d1e559ea5c"},
]
pillow = [
    {file = "Pillow-7.0.0-cp35-cp35m-macosx_10_6_intel.whl", hash = "sha256:5f3546ceb08089cedb9e8ff7e3f6a7042bb5b37c2a95d392fb027c3e53a2da00"},
    {file = "Pillow-7.0.0-cp35-cp35m-manylinux1_i686.whl", hash = "sha256:9d2ba4ed13af381233e2d810ff3bab84ef9f18430a9b336ab69eaf3cd24299ff"},
    {file = "Pillow-7.0.0-cp35-cp35m-manylinux1_x86_64.whl", hash = "sha256:ff3797f2f16bf9d17d53257612da84dd0758db33935777149b3334c01ff68865"},
    {file = "Pillow-7.0.0-cp35-cp35m-win32.whl", hash = "sha256:c18f70dc27cc5d236f10e7834236aff60aadc71346a5bc1f4f83a4b3abee6386"},
    {file = "Pillow-7.0.0-cp35-cp35m-win_amd64.whl", hash = "sha256:875358310ed7abd5320f21dd97351d62de4929b0426cdb1eaa904b64ac36b435"},
    {file = "Pillow-7.0.0-cp36-cp36m-macosx_10_6_intel.whl", hash = "sha256:ab76e5580b0ed647a8d8d2d2daee170e8e9f8aad225ede314f684e297e3643c2"},
    {file = "Pillow-7.0.0-cp36-cp36m-manylinux1_i686.whl", hash = "sha256:a62ec5e13e227399be73303ff301f2865bf68657d15ea50b038d25fc41097317"},
    {file = "Pillow-7.0.0-cp36-cp36m-manylinux1_x86_64.whl", hash = "sha256:8ac6ce7ff3892e5deaab7abaec763538ffd011f74dc1801d93d3c5fc541feee2"},
    {file = "Pillow-7.0.0-cp36-cp36m-win32.whl", hash = "sha256:91b710e3353aea6fc758cdb7136d9bbdcb26b53cefe43e2cba953ac3ee1d3313"},
    {file = "Pillow-7.0.0-cp36-cp36m-win_amd64.whl", hash = "sha256:bf598d2e37cf8edb1a2f26ed3fb255191f5232badea4003c16301cb94ac5bdd0"},
    {file = "Pillow-7.0.0-cp37-cp37m-macosx_10_6_intel.whl", hash = "sha256:5bfef0b1cdde9f33881c913af14e43db69815c7e8df429ceda4c70a5e529210f"},
    {file = "Pillow-7.0.0-cp37-cp37m-manylinux1_i686.whl", hash = "sha256:dc058b7833184970d1248135b8b0ab702e6daa833be14035179f2acb78ff5636"},
    {file = "Pillow-7.0.0-cp37-cp37m-manylinux1_x86_64.whl", hash = "sha256:c5ed816632204a2fc9486d784d8e0d0ae754347aba99c811458d69fcdfd2a2f9"},
    {file = "Pillow-7.0.0-cp37-cp37m-win32.whl", hash = "sha256:54ebae163e8412aff0b9df1e88adab65788f5f5b58e625dc5c7f51eaf14a6837"},
    {file = "Pillow-7.0.0-cp37-cp37m-win_amd64.whl", hash = "sha256:87269cc6ce1e3dee11f23fa515e4249ae678dbbe2704598a51cee76c52e19cda"},
    {file = "Pillow-7.0.0-cp38-cp38-macosx_10_9_x86_64.whl", hash = "sha256:0a628977ac2e01ca96aaae247ec2bd38e729631ddf2221b4b715446fd45505be"},
    {file = "Pillow-7.0.0-cp38-cp38-manylinux1_i686.whl", hash = "sha256:62a889aeb0a79e50ecf5af272e9e3c164148f4bd9636cc6bcfa182a52c8b0533"},
    {file = "Pillow-7.0.0-cp38-cp38-manylinux1_x86_64.whl", hash = "sha256:bf4003aa538af3f4205c5fac56eacaa67a6dd81e454ffd9e9f055fff9f1bc614"},
    {file = "Pillow-7.0.0-cp38-cp38-win32.whl", hash = "sha256:7406f5a9b2fd966e79e6abdaf700585a4522e98d6559ce37fc52e5c955fade0a"},
    {file = "Pillow-7.0.0-cp38-cp38-win_amd64.whl", hash = "sha256:5f7ae9126d16194f114435ebb79cc536b5682002a4fa57fa7bb2cbcde65f2f4d"},
    {file = "Pillow-7.0.0-pp373-pypy36_pp73-win32.whl", hash = "sha256:8453f914f4e5a3d828281a6628cf517832abfa13ff50679a4848926dac7c0358"},
    {file = "Pillow-7.0.0.tar.gz", hash = "sha256:4d9ed9a64095e031435af120d3c910148067087541131e82b3e8db302f4c8946"},
]
psycogreen = [
    {file = "psycogreen-1.0.1.tar.gz", hash = "sha256:86fe2a066d99526b3cff74ca45fd265b5b412a570195488603e298266e91be17"},
]
psycopg2 = [
    {file = "psycopg2-2.8.4-cp27-cp27m-win32.whl", hash = "sha256:72772181d9bad1fa349792a1e7384dde56742c14af2b9986013eb94a240f005b"},
    {file = "psycopg2-2.8.4-cp27-cp27m-win_amd64.whl", hash = "sha256:893c11064b347b24ecdd277a094413e1954f8a4e8cdaf7ffbe7ca3db87c103f0"},
    {file = "psycopg2-2.8.4-cp34-cp34m-win32.whl", hash = "sha256:9ab75e0b2820880ae24b7136c4d230383e07db014456a476d096591172569c38"},
    {file = "psycopg2-2.8.4-cp34-cp34m-win_amd64.whl", hash = "sha256:b0845e3bdd4aa18dc2f9b6fb78fbd3d9d371ad167fd6d1b7ad01c0a6cdad4fc6"},
    {file = "psycopg2-2.8.4-cp35-cp35m-win32.whl", hash = "sha256:ef6df7e14698e79c59c7ee7cf94cd62e5b869db369ed4b1b8f7b729ea825712a"},
    {file = "psycopg2-2.8.4-cp35-cp35m-win_amd64.whl", hash = "sha256:965c4c93e33e6984d8031f74e51227bd755376a9df6993774fd5b6fb3288b1f4"},
    {file = "psycopg2-2.8.4-cp36-cp36m-win32.whl", hash = "sha256:ed686e5926929887e2c7ae0a700e32c6129abb798b4ad2b846e933de21508151"},
    {file = "psycopg2-2.8.4-cp36-cp36m-win_amd64.whl", hash = "sha256:dca2d7203f0dfce8ea4b3efd668f8ea65cd2b35112638e488a4c12594015f67b"},
    {file = "psycopg2-2.8.4-cp37-cp37m-win32.whl", hash = "sha256:8396be6e5ff844282d4d49b81631772f80dabae5658d432202faf101f5283b7c"},
    {file = "psycopg2-2.8.4-cp37-cp37m-win_amd64.whl", hash = "sha256:47fc642bf6f427805daf52d6e52619fe0637648fe27017062d898f3bf891419d"},
    {file = "psycopg2-2.8.4-cp38-cp38-win32.whl", hash = "sha256:4212ca404c4445dc5746c0d68db27d2cbfb87b523fe233dc84ecd24062e35677"},
    {file = "psycopg2-2.8.4-cp38-cp38-win_amd64.whl", hash = "sha256:92a07dfd4d7c325dd177548c4134052d4842222833576c8391aab6f74038fc3f"},
    {file = "psycopg2-2.8.4.tar.gz", hash = "sha256:f898e5cc0a662a9e12bde6f931263a1bbd350cfb18e1d5336a12927851825bb6"},
]
pycparser = [
    {file = "pycparser-2.19.tar.gz", hash = "sha256:a988718abfad80b6b157acce7bf130a30876d27603738ac39f140993246b25b3"},
]
python-dotenv = [
    {file = "python-dotenv-0.10.5.tar.gz", hash = "sha256:f254bfd0c970d64ccbb6c9ebef3667ab301a71473569c991253a481f1c98dddc"},
    {file = "python_dotenv-0.10.5-py2.py3-none-any.whl", hash = "sha256:440c7c23d53b7d352f9c94d6f70860242c2f071cf5c029dd661ccb22d64ae42b"},
]
pytz = [
    {file = "pytz-2019.2-py2.py3-none-any.whl", hash = "sha256:c894d57500a4cd2d5c71114aaab77dbab5eabd9022308ce5ac9bb93a60a6f0c7"},
    {file = "pytz-2019.2.tar.gz", hash = "sha256:26c0b32e437e54a18161324a2fca3c4b9846b74a8dccddd843113109e1116b32"},
]
pyupgrade = [
    {file = "pyupgrade-1.26.2-py2.py3-none-any.whl", hash = "sha256:2e15ee41e0c9f267033face1128a0e50701cb6945c4fbc82364dd1392b98a800"},
    {file = "pyupgrade-1.26.2.tar.gz", hash = "sha256:62e651d8ce309a5b43b196d0953d1f3190f6b4e789641c4c4b344949a309b9e0"},
]
regex = [
    {file = "regex-2019.11.1-cp27-none-win32.whl", hash = "sha256:604dc563a02a74d70ae1f55208ddc9bfb6d9f470f6d1a5054c4bd5ae58744ab1"},
    {file = "regex-2019.11.1-cp27-none-win_amd64.whl", hash = "sha256:5e00f65cc507d13ab4dfa92c1232d004fa202c1d43a32a13940ab8a5afe2fb96"},
    {file = "regex-2019.11.1-cp35-none-win32.whl", hash = "sha256:15454b37c5a278f46f7aa2d9339bda450c300617ca2fca6558d05d870245edc7"},
    {file = "regex-2019.11.1-cp35-none-win_amd64.whl", hash = "sha256:d2b302f8cdd82c8f48e9de749d1d17f85ce9a0f082880b9a4859f66b07037dc6"},
    {file = "regex-2019.11.1-cp36-cp36m-manylinux1_i686.whl", hash = "sha256:b4e0406d822aa4993ac45072a584d57aa4931cf8288b5455bbf30c1d59dbad59"},
    {file = "regex-2019.11.1-cp36-cp36m-manylinux1_x86_64.whl", hash = "sha256:7faf534c1841c09d8fefa60ccde7b9903c9b528853ecf41628689793290ca143"},
    {file = "regex-2019.11.1-cp36-none-win32.whl", hash = "sha256:7caf47e4a9ac6ef08cabd3442cc4ca3386db141fb3c8b2a7e202d0470028e910"},
    {file = "regex-2019.11.1-cp36-none-win_amd64.whl", hash = "sha256:e3d8dd0ec0ea280cf89026b0898971f5750a7bd92cb62c51af5a52abd020054a"},
    {file = "regex-2019.11.1-cp37-none-win32.whl", hash = "sha256:c31eaf28c6fe75ea329add0022efeed249e37861c19681960f99bbc7db981fb2"},
    {file = "regex-2019.11.1-cp37-none-win_amd64.whl", hash = "sha256:1ad40708c255943a227e778b022c6497c129ad614bb7a2a2f916e12e8a359ee7"},
    {file = "regex-2019.11.1-cp38-none-win32.whl", hash = "sha256:ec032cbfed59bd5a4b8eab943c310acfaaa81394e14f44454ad5c9eba4f24a74"},
    {file = "regex-2019.11.1-cp38-none-win_amd64.whl", hash = "sha256:c7393597191fc2043c744db021643549061e12abe0b3ff5c429d806de7b93b66"},
    {file = "regex-2019.11.1.tar.gz", hash = "sha256:720e34a539a76a1fedcebe4397290604cc2bdf6f81eca44adb9fb2ea071c0c69"},
]
six = [
    {file = "six-1.12.0-py2.py3-none-any.whl", hash = "sha256:3350809f0555b11f552448330d0b52d5f24c91a322ea4a15ef22629740f3761c"},
    {file = "six-1.12.0.tar.gz", hash = "sha256:d16a0141ec1a18405cd4ce8b4613101da75da0e9a7aec5bdd4fa804d0e0eba73"},
]
tokenize-rt = [
    {file = "tokenize_rt-3.2.0-py2.py3-none-any.whl", hash = "sha256:53f5c22d36e5c6f8e3fdbc6cb4dd151d1b3d38cea1b85b5fef6268f153733899"},
    {file = "tokenize_rt-3.2.0.tar.gz", hash = "sha256:2f44eee8f620102f8a03c50142795121faf86e020d208896ea7a7047bbe933cf"},
]
toml = [
    {file = "toml-0.10.0-py2.7.egg", hash = "sha256:f1db651f9657708513243e61e6cc67d101a39bad662eaa9b5546f789338e07a3"},
    {file = "toml-0.10.0-py2.py3-none-any.whl", hash = "sha256:235682dd292d5899d361a811df37e04a8828a5b1da3115886b73cf81ebc9100e"},
    {file = "toml-0.10.0.tar.gz", hash = "sha256:229f81c57791a41d65e399fc06bf0848bab550a9dfd5ed66df18ce5f05e73d5c"},
]
typed-ast = [
    {file = "typed_ast-1.4.0-cp35-cp35m-manylinux1_i686.whl", hash = "sha256:262c247a82d005e43b5b7f69aff746370538e176131c32dda9cb0f324d27141e"},
    {file = "typed_ast-1.4.0-cp35-cp35m-manylinux1_x86_64.whl", hash = "sha256:71211d26ffd12d63a83e079ff258ac9d56a1376a25bc80b1cdcdf601b855b90b"},
    {file = "typed_ast-1.4.0-cp35-cp35m-win32.whl", hash = "sha256:630968c5cdee51a11c05a30453f8cd65e0cc1d2ad0d9192819df9978984529f4"},
    {file = "typed_ast-1.4.0-cp35-cp35m-win_amd64.whl", hash = "sha256:ffde2fbfad571af120fcbfbbc61c72469e72f550d676c3342492a9dfdefb8f12"},
    {file = "typed_ast-1.4.0-cp36-cp36m-macosx_10_9_x86_64.whl", hash = "sha256:4e0b70c6fc4d010f8107726af5fd37921b666f5b31d9331f0bd24ad9a088e631"},
    {file = "typed_ast-1.4.0-cp36-cp36m-manylinux1_i686.whl", hash = "sha256:bc6c7d3fa1325a0c6613512a093bc2a2a15aeec350451cbdf9e1d4bffe3e3233"},
    {file = "typed_ast-1.4.0-cp36-cp36m-manylinux1_x86_64.whl", hash = "sha256:cc34a6f5b426748a507dd5d1de4c1978f2eb5626d51326e43280941206c209e1"},
    {file = "typed_ast-1.4.0-cp36-cp36m-win32.whl", hash = "sha256:d896919306dd0aa22d0132f62a1b78d11aaf4c9fc5b3410d3c666b818191630a"},
    {file = "typed_ast-1.4.0-cp36-cp36m-win_amd64.whl", hash = "sha256:354c16e5babd09f5cb0ee000d54cfa38401d8b8891eefa878ac772f827181a3c"},
    {file = "typed_ast-1.4.0-cp37-cp37m-macosx_10_9_x86_64.whl", hash = "sha256:95bd11af7eafc16e829af2d3df510cecfd4387f6453355188342c3e79a2ec87a"},
    {file = "typed_ast-1.4.0-cp37-cp37m-manylinux1_i686.whl", hash = "sha256:18511a0b3e7922276346bcb47e2ef9f38fb90fd31cb9223eed42c85d1312344e"},
    {file = "typed_ast-1.4.0-cp37-cp37m-manylinux1_x86_64.whl", hash = "sha256:d7c45933b1bdfaf9f36c579671fec15d25b06c8398f113dab64c18ed1adda01d"},
    {file = "typed_ast-1.4.0-cp37-cp37m-win32.whl", hash = "sha256:d755f03c1e4a51e9b24d899561fec4ccaf51f210d52abdf8c07ee2849b212a36"},
    {file = "typed_ast-1.4.0-cp37-cp37m-win_amd64.whl", hash = "sha256:2b907eb046d049bcd9892e3076c7a6456c93a25bebfe554e931620c90e6a25b0"},
    {file = "typed_ast-1.4.0-cp38-cp38-macosx_10_9_x86_64.whl", hash = "sha256:fdc1c9bbf79510b76408840e009ed65958feba92a88833cdceecff93ae8fff66"},
    {file = "typed_ast-1.4.0-cp38-cp38-manylinux1_i686.whl", hash = "sha256:7954560051331d003b4e2b3eb822d9dd2e376fa4f6d98fee32f452f52dd6ebb2"},
    {file = "typed_ast-1.4.0-cp38-cp38-manylinux1_x86_64.whl", hash = "sha256:48e5b1e71f25cfdef98b013263a88d7145879fbb2d5185f2a0c79fa7ebbeae47"},
    {file = "typed_ast-1.4.0-cp38-cp38-win32.whl", hash = "sha256:1170afa46a3799e18b4c977777ce137bb53c7485379d9706af8a59f2ea1aa161"},
    {file = "typed_ast-1.4.0-cp38-cp38-win_amd64.whl", hash = "sha256:838997f4310012cf2e1ad3803bce2f3402e9ffb71ded61b5ee22617b3a7f6b6e"},
    {file = "typed_ast-1.4.0.tar.gz", hash = "sha256:66480f95b8167c9c5c5c87f32cf437d585937970f3fc24386f313a4c97b44e34"},
]
